<?xml version="1.0" encoding="utf-8"?>
<Project ToolsVersion="4.0" xmlns="http://schemas.microsoft.com/developer/msbuild/2003">
  <ItemGroup>
    <ClCompile Include="Logging\LoggingSystem.cpp" />
    <ClCompile Include="Logging\Loggers\ConsoleLogger.cpp" />
    <ClCompile Include="Logging\Loggers\FileLogger.cpp" />
    <ClCompile Include="Tracking\MemoryTracker.cpp" />
    <ClCompile Include="Utility\Strings.cpp" />
    <ClCompile Include="Events\Event.cpp" />
    <ClCompile Include="Events\IEventDispatcher.cpp" />
    <ClCompile Include="Scripting\ScriptingSystem.cpp" />
    <ClCompile Include="Scripting\ScriptHost.cpp" />
    <ClCompile Include="Tracking\ITrackedObject.cpp" />
    <ClCompile Include="Events\Callbacks.cpp" />
  </ItemGroup>
  <ItemGroup>
    <ClInclude Include="Collections\ArrayList.hpp" />
    <ClInclude Include="Events\Callbacks.hpp" />
    <ClInclude Include="Events\Delegate.hpp" />
    <ClInclude Include="Events\Event.hpp" />
    <ClInclude Include="Events\IEventDispatcher.hpp" />
    <ClInclude Include="Tracking\ITrackedObject.hpp" />
    <ClInclude Include="Tracking\MemoryTracker.hpp" />
    <ClInclude Include="Collections\Map.hpp" />
    <ClInclude Include="Logging\Loggers\ConsoleLogger.hpp" />
    <ClInclude Include="Logging\Loggers\FileLogger.hpp" />
    <ClInclude Include="Logging\ILogger.hpp" />
    <ClInclude Include="Logging\LogColors.hpp" />
    <ClInclude Include="Logging\LoggingSystem.hpp" />
    <ClInclude Include="Scripting\ScriptHost.hpp" />
    <ClInclude Include="Scripting\ScriptingSystem.hpp" />
    <ClInclude Include="Timing\FrameTimeInfo.hpp" />
    <ClInclude Include="Utility\Benchmark.hpp" />
    <ClInclude Include="Utility\Console.hpp" />
    <ClInclude Include="Utility\Platform.hpp" />
    <ClInclude Include="Utility\Strings.hpp" />
    <ClInclude Include="Utility\Types.hpp" />
  </ItemGroup>
</Project>